{
  "originHash" : "08845cb10c051a5d803fb1687fa67a30560033224ebef31761f72240f9babdaa",
  "pins" : [
    {
      "identity" : "swift-support-kit",
      "kind" : "remoteSourceControl",
      "location" : "https://github.com/mgcrea/swift-support-kit.git",
      "state" : {
        "revision" : "6dd8fd966c6b95729a779eef21eacb176d752790",
        "version" : "1.4.0"
      }
    }
  ],
  "version" : 3
}
