{
  "originHash" : "08845cb10c051a5d803fb1687fa67a30560033224ebef31761f72240f9babdaa",
  "pins" : [
    {
      "identity" : "swift-support-kit",
      "kind" : "remoteSourceControl",
      "location" : "https://github.com/mgcrea/swift-support-kit.git",
      "state" : {
        "revision" : "93c5a2bd076895a28cb4ac718117fd61b0605da5",
        "version" : "1.5.0"
      }
    }
  ],
  "version" : 3
}
