// !$*UTF8*$!
{
	archiveVersion = 1;
	classes = {
	};
	objectVersion = 77;
	objects = {

/* Begin PBXBuildFile section */
		09D8E5883045B30900C66A5A /* CupertinoSafariExtension.appex in Embed Foundation Extensions */ = {isa = PBXBuildFile; fileRef = 09D8E5703045B30900C66A5A /* CupertinoSafariExtension.appex */; settings = {ATTRIBUTES = (RemoveHeadersOnCopy, ); }; };
		0BCE00013100000000000001 /* CupertinoBridge in Embed Helper */ = {isa = PBXBuildFile; fileRef = 091399AC3035FE8D00800564 /* CupertinoBridge */; settings = {ATTRIBUTES = (CodeSignOnCopy, ); }; };
		0BCE00013100000000000010 /* Sparkle.framework in Frameworks */ = {isa = PBXBuildFile; fileRef = 0BCE00013100000000000013 /* Sparkle.framework */; };
		0BCE00013100000000000011 /* Sparkle.framework in Embed Frameworks */ = {isa = PBXBuildFile; fileRef = 0BCE00013100000000000013 /* Sparkle.framework */; settings = {ATTRIBUTES = (CodeSignOnCopy, RemoveHeadersOnCopy, ); }; };
/* End PBXBuildFile section */

/* Begin PBXContainerItemProxy section */
		09D8E5863045B30900C66A5A /* PBXContainerItemProxy */ = {
			isa = PBXContainerItemProxy;
			containerPortal = 09145EBD3035FC8A00D90D97 /* Project object */;
			proxyType = 1;
			remoteGlobalIDString = 09D8E56F3045B30900C66A5A;
			remoteInfo = CupertinoSafariExtension;
		};
		0BCE00013100000000000003 /* PBXContainerItemProxy */ = {
			isa = PBXContainerItemProxy;
			containerPortal = 09145EBD3035FC8A00D90D97 /* Project object */;
			proxyType = 1;
			remoteGlobalIDString = 091399AB3035FE8D00800564;
			remoteInfo = CupertinoBridge;
		};
/* End PBXContainerItemProxy section */

/* Begin PBXCopyFilesBuildPhase section */
		091399AA3035FE8D00800564 /* CopyFiles */ = {
			isa = PBXCopyFilesBuildPhase;
			buildActionMask = 2147483647;
			dstPath = /usr/share/man/man1/;
			dstSubfolderSpec = 0;
			files = (
			);
			runOnlyForDeploymentPostprocessing = 1;
		};
		09D8E5893045B30900C66A5A /* Embed Foundation Extensions */ = {
			isa = PBXCopyFilesBuildPhase;
			buildActionMask = 2147483647;
			dstPath = "";
			dstSubfolderSpec = 13;
			files = (
				09D8E5883045B30900C66A5A /* CupertinoSafariExtension.appex in Embed Foundation Extensions */,
			);
			name = "Embed Foundation Extensions";
			runOnlyForDeploymentPostprocessing = 0;
		};
		0BCE00013100000000000002 /* Embed Helper */ = {
			isa = PBXCopyFilesBuildPhase;
			buildActionMask = 2147483647;
			dstPath = Contents/Helpers;
			dstSubfolderSpec = 1;
			files = (
				0BCE00013100000000000001 /* CupertinoBridge in Embed Helper */,
			);
			name = "Embed Helper";
			runOnlyForDeploymentPostprocessing = 0;
		};
		0BCE00013100000000000012 /* Embed Frameworks */ = {
			isa = PBXCopyFilesBuildPhase;
			buildActionMask = 2147483647;
			dstPath = "";
			dstSubfolderSpec = 10;
			files = (
				0BCE00013100000000000011 /* Sparkle.framework in Embed Frameworks */,
			);
			name = "Embed Frameworks";
			runOnlyForDeploymentPostprocessing = 0;
		};
/* End PBXCopyFilesBuildPhase section */

/* Begin PBXFileReference section */
		091399AC3035FE8D00800564 /* CupertinoBridge */ = {isa = PBXFileReference; explicitFileType = "compiled.mach-o.executable"; includeInIndex = 0; name = CupertinoBridge; path = "cupertino-bridge"; sourceTree = BUILT_PRODUCTS_DIR; };
		09145EC53035FC8A00D90D97 /* Cupertino.app */ = {isa = PBXFileReference; explicitFileType = wrapper.application; includeInIndex = 0; path = Cupertino.app; sourceTree = BUILT_PRODUCTS_DIR; };
		09D8E5703045B30900C66A5A /* CupertinoSafariExtension.appex */ = {isa = PBXFileReference; explicitFileType = "wrapper.app-extension"; includeInIndex = 0; path = CupertinoSafariExtension.appex; sourceTree = BUILT_PRODUCTS_DIR; };
		0BCE00013100000000000013 /* Sparkle.framework */ = {isa = PBXFileReference; lastKnownFileType = wrapper.framework; name = Sparkle.framework; path = Vendor/Sparkle.framework; sourceTree = SOURCE_ROOT; };
/* End PBXFileReference section */

/* Begin PBXFileSystemSynchronizedBuildFileExceptionSet section */
		09D8E58C3045B30900C66A5A /* Exceptions for "CupertinoSafariExtension" folder in "CupertinoSafariExtension" target */ = {
			isa = PBXFileSystemSynchronizedBuildFileExceptionSet;
			membershipExceptions = (
				Info.plist,
			);
			target = 09D8E56F3045B30900C66A5A /* CupertinoSafariExtension */;
		};
/* End PBXFileSystemSynchronizedBuildFileExceptionSet section */

/* Begin PBXFileSystemSynchronizedRootGroup section */
		091399AD3035FE8D00800564 /* CupertinoBridge */ = {
			isa = PBXFileSystemSynchronizedRootGroup;
			path = CupertinoBridge;
			sourceTree = "<group>";
		};
		09145EC73035FC8A00D90D97 /* Cupertino */ = {
			isa = PBXFileSystemSynchronizedRootGroup;
			path = Cupertino;
			sourceTree = "<group>";
		};
		09D8E5713045B30900C66A5A /* CupertinoSafariExtension */ = {
			isa = PBXFileSystemSynchronizedRootGroup;
			exceptions = (
				09D8E58C3045B30900C66A5A /* Exceptions for "CupertinoSafariExtension" folder in "CupertinoSafariExtension" target */,
			);
			explicitFolders = (
				Resources/images,
			);
			path = CupertinoSafariExtension;
			sourceTree = "<group>";
		};
/* End PBXFileSystemSynchronizedRootGroup section */

/* Begin PBXFrameworksBuildPhase section */
		091399A93035FE8D00800564 /* Frameworks */ = {
			isa = PBXFrameworksBuildPhase;
			buildActionMask = 2147483647;
			files = (
			);
			runOnlyForDeploymentPostprocessing = 0;
		};
		09145EC23035FC8A00D90D97 /* Frameworks */ = {
			isa = PBXFrameworksBuildPhase;
			buildActionMask = 2147483647;
			files = (
				0BCE00013100000000000010 /* Sparkle.framework in Frameworks */,
			);
			runOnlyForDeploymentPostprocessing = 0;
		};
		09D8E56D3045B30900C66A5A /* Frameworks */ = {
			isa = PBXFrameworksBuildPhase;
			buildActionMask = 2147483647;
			files = (
			);
			runOnlyForDeploymentPostprocessing = 0;
		};
/* End PBXFrameworksBuildPhase section */

/* Begin PBXGroup section */
		09145EBC3035FC8A00D90D97 = {
			isa = PBXGroup;
			children = (
				09145EC73035FC8A00D90D97 /* Cupertino */,
				091399AD3035FE8D00800564 /* CupertinoBridge */,
				09D8E5713045B30900C66A5A /* CupertinoSafariExtension */,
				09145EC63035FC8A00D90D97 /* Products */,
				09D8E52B3045B2C700C66A5A /* Recovered References */,
			);
			sourceTree = "<group>";
		};
		09145EC63035FC8A00D90D97 /* Products */ = {
			isa = PBXGroup;
			children = (
				09145EC53035FC8A00D90D97 /* Cupertino.app */,
				091399AC3035FE8D00800564 /* CupertinoBridge */,
				09D8E5703045B30900C66A5A /* CupertinoSafariExtension.appex */,
			);
			name = Products;
			sourceTree = "<group>";
		};
		09D8E52B3045B2C700C66A5A /* Recovered References */ = {
			isa = PBXGroup;
			children = (
				0BCE00013100000000000013 /* Sparkle.framework */,
			);
			name = "Recovered References";
			sourceTree = "<group>";
		};
/* End PBXGroup section */

/* Begin PBXNativeTarget section */
		091399AB3035FE8D00800564 /* CupertinoBridge */ = {
			isa = PBXNativeTarget;
			buildConfigurationList = 091399B03035FE8D00800564 /* Build configuration list for PBXNativeTarget "CupertinoBridge" */;
			buildPhases = (
				091399A83035FE8D00800564 /* Sources */,
				091399A93035FE8D00800564 /* Frameworks */,
				091399AA3035FE8D00800564 /* CopyFiles */,
			);
			buildRules = (
			);
			dependencies = (
			);
			fileSystemSynchronizedGroups = (
				091399AD3035FE8D00800564 /* CupertinoBridge */,
			);
			name = CupertinoBridge;
			packageProductDependencies = (
			);
			productName = CupertinoBridge;
			productReference = 091399AC3035FE8D00800564 /* CupertinoBridge */;
			productType = "com.apple.product-type.tool";
		};
		09145EC43035FC8A00D90D97 /* Cupertino */ = {
			isa = PBXNativeTarget;
			buildConfigurationList = 09145ED03035FC8A00D90D97 /* Build configuration list for PBXNativeTarget "Cupertino" */;
			buildPhases = (
				09145EC13035FC8A00D90D97 /* Sources */,
				09145EC23035FC8A00D90D97 /* Frameworks */,
				09145EC33035FC8A00D90D97 /* Resources */,
				0BCE00013100000000000012 /* Embed Frameworks */,
				0BCE00013100000000000002 /* Embed Helper */,
				09D8E5893045B30900C66A5A /* Embed Foundation Extensions */,
			);
			buildRules = (
			);
			dependencies = (
				0BCE00013100000000000004 /* PBXTargetDependency */,
				09D8E5873045B30900C66A5A /* PBXTargetDependency */,
			);
			fileSystemSynchronizedGroups = (
				09145EC73035FC8A00D90D97 /* Cupertino */,
			);
			name = Cupertino;
			packageProductDependencies = (
			);
			productName = Cupertino;
			productReference = 09145EC53035FC8A00D90D97 /* Cupertino.app */;
			productType = "com.apple.product-type.application";
		};
		09D8E56F3045B30900C66A5A /* CupertinoSafariExtension */ = {
			isa = PBXNativeTarget;
			buildConfigurationList = 09D8E58D3045B30900C66A5A /* Build configuration list for PBXNativeTarget "CupertinoSafariExtension" */;
			buildPhases = (
				09D8E56C3045B30900C66A5A /* Sources */,
				09D8E56D3045B30900C66A5A /* Frameworks */,
				09D8E56E3045B30900C66A5A /* Resources */,
			);
			buildRules = (
			);
			dependencies = (
			);
			fileSystemSynchronizedGroups = (
				09D8E5713045B30900C66A5A /* CupertinoSafariExtension */,
			);
			name = CupertinoSafariExtension;
			packageProductDependencies = (
			);
			productName = CupertinoSafariExtension;
			productReference = 09D8E5703045B30900C66A5A /* CupertinoSafariExtension.appex */;
			productType = "com.apple.product-type.app-extension";
		};
/* End PBXNativeTarget section */

/* Begin PBXProject section */
		09145EBD3035FC8A00D90D97 /* Project object */ = {
			isa = PBXProject;
			attributes = {
				BuildIndependentTargetsInParallel = 1;
				LastSwiftUpdateCheck = 2660;
				LastUpgradeCheck = 2660;
				TargetAttributes = {
					091399AB3035FE8D00800564 = {
						CreatedOnToolsVersion = 26.6;
					};
					09145EC43035FC8A00D90D97 = {
						CreatedOnToolsVersion = 26.6;
					};
					09D8E56F3045B30900C66A5A = {
						CreatedOnToolsVersion = 26.6;
					};
				};
			};
			buildConfigurationList = 09145EC03035FC8A00D90D97 /* Build configuration list for PBXProject "Cupertino" */;
			developmentRegion = en;
			hasScannedForEncodings = 0;
			knownRegions = (
				en,
				Base,
			);
			mainGroup = 09145EBC3035FC8A00D90D97;
			minimizedProjectReferenceProxies = 1;
			preferredProjectObjectVersion = 77;
			productRefGroup = 09145EC63035FC8A00D90D97 /* Products */;
			projectDirPath = "";
			projectRoot = "";
			targets = (
				09145EC43035FC8A00D90D97 /* Cupertino */,
				091399AB3035FE8D00800564 /* CupertinoBridge */,
				09D8E56F3045B30900C66A5A /* CupertinoSafariExtension */,
			);
		};
/* End PBXProject section */

/* Begin PBXResourcesBuildPhase section */
		09145EC33035FC8A00D90D97 /* Resources */ = {
			isa = PBXResourcesBuildPhase;
			buildActionMask = 2147483647;
			files = (
			);
			runOnlyForDeploymentPostprocessing = 0;
		};
		09D8E56E3045B30900C66A5A /* Resources */ = {
			isa = PBXResourcesBuildPhase;
			buildActionMask = 2147483647;
			files = (
			);
			runOnlyForDeploymentPostprocessing = 0;
		};
/* End PBXResourcesBuildPhase section */

/* Begin PBXSourcesBuildPhase section */
		091399A83035FE8D00800564 /* Sources */ = {
			isa = PBXSourcesBuildPhase;
			buildActionMask = 2147483647;
			files = (
			);
			runOnlyForDeploymentPostprocessing = 0;
		};
		09145EC13035FC8A00D90D97 /* Sources */ = {
			isa = PBXSourcesBuildPhase;
			buildActionMask = 2147483647;
			files = (
			);
			runOnlyForDeploymentPostprocessing = 0;
		};
		09D8E56C3045B30900C66A5A /* Sources */ = {
			isa = PBXSourcesBuildPhase;
			buildActionMask = 2147483647;
			files = (
			);
			runOnlyForDeploymentPostprocessing = 0;
		};
/* End PBXSourcesBuildPhase section */

/* Begin PBXTargetDependency section */
		09D8E5873045B30900C66A5A /* PBXTargetDependency */ = {
			isa = PBXTargetDependency;
			target = 09D8E56F3045B30900C66A5A /* CupertinoSafariExtension */;
			targetProxy = 09D8E5863045B30900C66A5A /* PBXContainerItemProxy */;
		};
		0BCE00013100000000000004 /* PBXTargetDependency */ = {
			isa = PBXTargetDependency;
			target = 091399AB3035FE8D00800564 /* CupertinoBridge */;
			targetProxy = 0BCE00013100000000000003 /* PBXContainerItemProxy */;
		};
/* End PBXTargetDependency section */

/* Begin XCBuildConfiguration section */
		091399B13035FE8D00800564 /* Debug */ = {
			isa = XCBuildConfiguration;
			buildSettings = {
				CODE_SIGN_STYLE = Automatic;
				DEVELOPMENT_TEAM = 75QE9PRT3V;
				ENABLE_HARDENED_RUNTIME = YES;
				MACOSX_DEPLOYMENT_TARGET = 14.0;
				PRODUCT_BUNDLE_IDENTIFIER = io.mgcrea.cupertino.debug.bridge;
				PRODUCT_NAME = "cupertino-bridge";
				SWIFT_APPROACHABLE_CONCURRENCY = YES;
				SWIFT_UPCOMING_FEATURE_MEMBER_IMPORT_VISIBILITY = YES;
				SWIFT_VERSION = 5.0;
			};
			name = Debug;
		};
		091399B23035FE8D00800564 /* Release */ = {
			isa = XCBuildConfiguration;
			buildSettings = {
				CODE_SIGN_STYLE = Automatic;
				DEVELOPMENT_TEAM = 75QE9PRT3V;
				ENABLE_HARDENED_RUNTIME = YES;
				MACOSX_DEPLOYMENT_TARGET = 14.0;
				PRODUCT_BUNDLE_IDENTIFIER = io.mgcrea.cupertino.bridge;
				PRODUCT_NAME = "cupertino-bridge";
				SWIFT_APPROACHABLE_CONCURRENCY = YES;
				SWIFT_UPCOMING_FEATURE_MEMBER_IMPORT_VISIBILITY = YES;
				SWIFT_VERSION = 5.0;
			};
			name = Release;
		};
		09145ECE3035FC8A00D90D97 /* Debug */ = {
			isa = XCBuildConfiguration;
			buildSettings = {
				ALWAYS_SEARCH_USER_PATHS = NO;
				ASSETCATALOG_COMPILER_GENERATE_SWIFT_ASSET_SYMBOL_EXTENSIONS = YES;
				CLANG_ANALYZER_NONNULL = YES;
				CLANG_ANALYZER_NUMBER_OBJECT_CONVERSION = YES_AGGRESSIVE;
				CLANG_CXX_LANGUAGE_STANDARD = "gnu++20";
				CLANG_ENABLE_MODULES = YES;
				CLANG_ENABLE_OBJC_ARC = YES;
				CLANG_ENABLE_OBJC_WEAK = YES;
				CLANG_WARN_BLOCK_CAPTURE_AUTORELEASING = YES;
				CLANG_WARN_BOOL_CONVERSION = YES;
				CLANG_WARN_COMMA = YES;
				CLANG_WARN_CONSTANT_CONVERSION = YES;
				CLANG_WARN_DEPRECATED_OBJC_IMPLEMENTATIONS = YES;
				CLANG_WARN_DIRECT_OBJC_ISA_USAGE = YES_ERROR;
				CLANG_WARN_DOCUMENTATION_COMMENTS = YES;
				CLANG_WARN_EMPTY_BODY = YES;
				CLANG_WARN_ENUM_CONVERSION = YES;
				CLANG_WARN_INFINITE_RECURSION = YES;
				CLANG_WARN_INT_CONVERSION = YES;
				CLANG_WARN_NON_LITERAL_NULL_CONVERSION = YES;
				CLANG_WARN_OBJC_IMPLICIT_RETAIN_SELF = YES;
				CLANG_WARN_OBJC_LITERAL_CONVERSION = YES;
				CLANG_WARN_OBJC_ROOT_CLASS = YES_ERROR;
				CLANG_WARN_QUOTED_INCLUDE_IN_FRAMEWORK_HEADER = YES;
				CLANG_WARN_RANGE_LOOP_ANALYSIS = YES;
				CLANG_WARN_STRICT_PROTOTYPES = YES;
				CLANG_WARN_SUSPICIOUS_MOVE = YES;
				CLANG_WARN_UNGUARDED_AVAILABILITY = YES_AGGRESSIVE;
				CLANG_WARN_UNREACHABLE_CODE = YES;
				CLANG_WARN__DUPLICATE_METHOD_MATCH = YES;
				COPY_PHASE_STRIP = NO;
				DEBUG_INFORMATION_FORMAT = dwarf;
				DEVELOPMENT_TEAM = 75QE9PRT3V;
				ENABLE_STRICT_OBJC_MSGSEND = YES;
				ENABLE_TESTABILITY = YES;
				ENABLE_USER_SCRIPT_SANDBOXING = YES;
				GCC_C_LANGUAGE_STANDARD = gnu17;
				GCC_DYNAMIC_NO_PIC = NO;
				GCC_NO_COMMON_BLOCKS = YES;
				GCC_OPTIMIZATION_LEVEL = 0;
				GCC_PREPROCESSOR_DEFINITIONS = (
					"DEBUG=1",
					"$(inherited)",
				);
				GCC_WARN_64_TO_32_BIT_CONVERSION = YES;
				GCC_WARN_ABOUT_RETURN_TYPE = YES_ERROR;
				GCC_WARN_UNDECLARED_SELECTOR = YES;
				GCC_WARN_UNINITIALIZED_AUTOS = YES_AGGRESSIVE;
				GCC_WARN_UNUSED_FUNCTION = YES;
				GCC_WARN_UNUSED_VARIABLE = YES;
				LOCALIZATION_PREFERS_STRING_CATALOGS = YES;
				MACOSX_DEPLOYMENT_TARGET = 26.0;
				MTL_ENABLE_DEBUG_INFO = INCLUDE_SOURCE;
				MTL_FAST_MATH = YES;
				ONLY_ACTIVE_ARCH = YES;
				SDKROOT = macosx;
				SWIFT_ACTIVE_COMPILATION_CONDITIONS = "DEBUG $(inherited)";
				SWIFT_OPTIMIZATION_LEVEL = "-Onone";
			};
			name = Debug;
		};
		09145ECF3035FC8A00D90D97 /* Release */ = {
			isa = XCBuildConfiguration;
			buildSettings = {
				ALWAYS_SEARCH_USER_PATHS = NO;
				ASSETCATALOG_COMPILER_GENERATE_SWIFT_ASSET_SYMBOL_EXTENSIONS = YES;
				CLANG_ANALYZER_NONNULL = YES;
				CLANG_ANALYZER_NUMBER_OBJECT_CONVERSION = YES_AGGRESSIVE;
				CLANG_CXX_LANGUAGE_STANDARD = "gnu++20";
				CLANG_ENABLE_MODULES = YES;
				CLANG_ENABLE_OBJC_ARC = YES;
				CLANG_ENABLE_OBJC_WEAK = YES;
				CLANG_WARN_BLOCK_CAPTURE_AUTORELEASING = YES;
				CLANG_WARN_BOOL_CONVERSION = YES;
				CLANG_WARN_COMMA = YES;
				CLANG_WARN_CONSTANT_CONVERSION = YES;
				CLANG_WARN_DEPRECATED_OBJC_IMPLEMENTATIONS = YES;
				CLANG_WARN_DIRECT_OBJC_ISA_USAGE = YES_ERROR;
				CLANG_WARN_DOCUMENTATION_COMMENTS = YES;
				CLANG_WARN_EMPTY_BODY = YES;
				CLANG_WARN_ENUM_CONVERSION = YES;
				CLANG_WARN_INFINITE_RECURSION = YES;
				CLANG_WARN_INT_CONVERSION = YES;
				CLANG_WARN_NON_LITERAL_NULL_CONVERSION = YES;
				CLANG_WARN_OBJC_IMPLICIT_RETAIN_SELF = YES;
				CLANG_WARN_OBJC_LITERAL_CONVERSION = YES;
				CLANG_WARN_OBJC_ROOT_CLASS = YES_ERROR;
				CLANG_WARN_QUOTED_INCLUDE_IN_FRAMEWORK_HEADER = YES;
				CLANG_WARN_RANGE_LOOP_ANALYSIS = YES;
				CLANG_WARN_STRICT_PROTOTYPES = YES;
				CLANG_WARN_SUSPICIOUS_MOVE = YES;
				CLANG_WARN_UNGUARDED_AVAILABILITY = YES_AGGRESSIVE;
				CLANG_WARN_UNREACHABLE_CODE = YES;
				CLANG_WARN__DUPLICATE_METHOD_MATCH = YES;
				COPY_PHASE_STRIP = NO;
				DEBUG_INFORMATION_FORMAT = "dwarf-with-dsym";
				DEVELOPMENT_TEAM = 75QE9PRT3V;
				ENABLE_NS_ASSERTIONS = NO;
				ENABLE_STRICT_OBJC_MSGSEND = YES;
				ENABLE_USER_SCRIPT_SANDBOXING = YES;
				GCC_C_LANGUAGE_STANDARD = gnu17;
				GCC_NO_COMMON_BLOCKS = YES;
				GCC_WARN_64_TO_32_BIT_CONVERSION = YES;
				GCC_WARN_ABOUT_RETURN_TYPE = YES_ERROR;
				GCC_WARN_UNDECLARED_SELECTOR = YES;
				GCC_WARN_UNINITIALIZED_AUTOS = YES_AGGRESSIVE;
				GCC_WARN_UNUSED_FUNCTION = YES;
				GCC_WARN_UNUSED_VARIABLE = YES;
				LOCALIZATION_PREFERS_STRING_CATALOGS = YES;
				MACOSX_DEPLOYMENT_TARGET = 26.0;
				MTL_ENABLE_DEBUG_INFO = NO;
				MTL_FAST_MATH = YES;
				SDKROOT = macosx;
				SWIFT_COMPILATION_MODE = wholemodule;
			};
			name = Release;
		};
		09145ED13035FC8A00D90D97 /* Debug */ = {
			isa = XCBuildConfiguration;
			buildSettings = {
				ASSETCATALOG_COMPILER_APPICON_NAME = Cupertino;
				ASSETCATALOG_COMPILER_GLOBAL_ACCENT_COLOR_NAME = AccentColor;
				CODE_SIGN_ENTITLEMENTS = Cupertino.entitlements;
				CODE_SIGN_STYLE = Automatic;
				COMBINE_HIDPI_IMAGES = YES;
				CUPERTINO_GIT_COMMIT = "";
				CURRENT_PROJECT_VERSION = 1;
				DEVELOPMENT_TEAM = 75QE9PRT3V;
				ENABLE_APP_SANDBOX = NO;
				ENABLE_HARDENED_RUNTIME = YES;
				ENABLE_PREVIEWS = YES;
				FRAMEWORK_SEARCH_PATHS = "$(SRCROOT)/Vendor";
				GENERATE_INFOPLIST_FILE = YES;
				INFOPLIST_FILE = "Cupertino-Info.plist";
				INFOPLIST_KEY_LSUIElement = YES;
				INFOPLIST_KEY_NSAppleEventsUsageDescription = "Cupertino controls Mail, Notes, Reminders, Calendar, Contacts, Messages and Safari on behalf of the MCP servers it hosts, so the AI assistant you connect can read and act on that data.";
				INFOPLIST_KEY_NSHumanReadableCopyright = "";
				LD_RUNPATH_SEARCH_PATHS = (
					"$(inherited)",
					"@executable_path/../Frameworks",
				);
				MARKETING_VERSION = 1.0;
				PRODUCT_BUNDLE_IDENTIFIER = io.mgcrea.cupertino.debug;
				PRODUCT_NAME = "$(TARGET_NAME)";
				STRING_CATALOG_GENERATE_SYMBOLS = YES;
				SWIFT_APPROACHABLE_CONCURRENCY = YES;
				SWIFT_DEFAULT_ACTOR_ISOLATION = MainActor;
				SWIFT_EMIT_LOC_STRINGS = YES;
				SWIFT_UPCOMING_FEATURE_MEMBER_IMPORT_VISIBILITY = YES;
				SWIFT_VERSION = 5.0;
			};
			name = Debug;
		};
		09145ED23035FC8A00D90D97 /* Release */ = {
			isa = XCBuildConfiguration;
			buildSettings = {
				ASSETCATALOG_COMPILER_APPICON_NAME = Cupertino;
				ASSETCATALOG_COMPILER_GLOBAL_ACCENT_COLOR_NAME = AccentColor;
				CODE_SIGN_ENTITLEMENTS = Cupertino.entitlements;
				CODE_SIGN_STYLE = Automatic;
				COMBINE_HIDPI_IMAGES = YES;
				CUPERTINO_GIT_COMMIT = "";
				CURRENT_PROJECT_VERSION = 1;
				DEVELOPMENT_TEAM = 75QE9PRT3V;
				ENABLE_APP_SANDBOX = NO;
				ENABLE_HARDENED_RUNTIME = YES;
				ENABLE_PREVIEWS = YES;
				FRAMEWORK_SEARCH_PATHS = "$(SRCROOT)/Vendor";
				GENERATE_INFOPLIST_FILE = YES;
				INFOPLIST_FILE = "Cupertino-Info.plist";
				INFOPLIST_KEY_LSUIElement = YES;
				INFOPLIST_KEY_NSAppleEventsUsageDescription = "Cupertino controls Mail, Notes, Reminders, Calendar, Contacts, Messages and Safari on behalf of the MCP servers it hosts, so the AI assistant you connect can read and act on that data.";
				INFOPLIST_KEY_NSHumanReadableCopyright = "";
				LD_RUNPATH_SEARCH_PATHS = (
					"$(inherited)",
					"@executable_path/../Frameworks",
				);
				MARKETING_VERSION = 1.0;
				PRODUCT_BUNDLE_IDENTIFIER = io.mgcrea.cupertino;
				PRODUCT_NAME = "$(TARGET_NAME)";
				STRING_CATALOG_GENERATE_SYMBOLS = YES;
				SWIFT_APPROACHABLE_CONCURRENCY = YES;
				SWIFT_DEFAULT_ACTOR_ISOLATION = MainActor;
				SWIFT_EMIT_LOC_STRINGS = YES;
				SWIFT_UPCOMING_FEATURE_MEMBER_IMPORT_VISIBILITY = YES;
				SWIFT_VERSION = 5.0;
			};
			name = Release;
		};
		09D8E58A3045B30900C66A5A /* Debug */ = {
			isa = XCBuildConfiguration;
			buildSettings = {
				CODE_SIGN_STYLE = Automatic;
				CURRENT_PROJECT_VERSION = 1;
				DEVELOPMENT_TEAM = 75QE9PRT3V;
				ENABLE_APP_SANDBOX = YES;
				ENABLE_HARDENED_RUNTIME = YES;
				GENERATE_INFOPLIST_FILE = YES;
				INFOPLIST_FILE = CupertinoSafariExtension/Info.plist;
				INFOPLIST_KEY_CFBundleDisplayName = "Cupertino (dev)";
				INFOPLIST_KEY_NSHumanReadableCopyright = "";
				LD_RUNPATH_SEARCH_PATHS = (
					"$(inherited)",
					"@executable_path/../Frameworks",
					"@executable_path/../../../../Frameworks",
				);
				MACOSX_DEPLOYMENT_TARGET = 26.0;
				MARKETING_VERSION = 1.0;
				OTHER_LDFLAGS = (
					"-framework",
					SafariServices,
				);
				PRODUCT_BUNDLE_IDENTIFIER = io.mgcrea.cupertino.debug.SafariExtension;
				PRODUCT_NAME = "$(TARGET_NAME)";
				SKIP_INSTALL = YES;
				STRING_CATALOG_GENERATE_SYMBOLS = YES;
				SWIFT_APPROACHABLE_CONCURRENCY = YES;
				SWIFT_EMIT_LOC_STRINGS = YES;
				SWIFT_UPCOMING_FEATURE_MEMBER_IMPORT_VISIBILITY = YES;
				SWIFT_VERSION = 5.0;
			};
			name = Debug;
		};
		09D8E58B3045B30900C66A5A /* Release */ = {
			isa = XCBuildConfiguration;
			buildSettings = {
				CODE_SIGN_STYLE = Automatic;
				CURRENT_PROJECT_VERSION = 1;
				DEVELOPMENT_TEAM = 75QE9PRT3V;
				ENABLE_APP_SANDBOX = YES;
				ENABLE_HARDENED_RUNTIME = YES;
				GENERATE_INFOPLIST_FILE = YES;
				INFOPLIST_FILE = CupertinoSafariExtension/Info.plist;
				INFOPLIST_KEY_CFBundleDisplayName = Cupertino;
				INFOPLIST_KEY_NSHumanReadableCopyright = "";
				LD_RUNPATH_SEARCH_PATHS = (
					"$(inherited)",
					"@executable_path/../Frameworks",
					"@executable_path/../../../../Frameworks",
				);
				MACOSX_DEPLOYMENT_TARGET = 26.0;
				MARKETING_VERSION = 1.0;
				OTHER_LDFLAGS = (
					"-framework",
					SafariServices,
				);
				PRODUCT_BUNDLE_IDENTIFIER = io.mgcrea.cupertino.SafariExtension;
				PRODUCT_NAME = "$(TARGET_NAME)";
				SKIP_INSTALL = YES;
				STRING_CATALOG_GENERATE_SYMBOLS = YES;
				SWIFT_APPROACHABLE_CONCURRENCY = YES;
				SWIFT_EMIT_LOC_STRINGS = YES;
				SWIFT_UPCOMING_FEATURE_MEMBER_IMPORT_VISIBILITY = YES;
				SWIFT_VERSION = 5.0;
			};
			name = Release;
		};
/* End XCBuildConfiguration section */

/* Begin XCConfigurationList section */
		091399B03035FE8D00800564 /* Build configuration list for PBXNativeTarget "CupertinoBridge" */ = {
			isa = XCConfigurationList;
			buildConfigurations = (
				091399B13035FE8D00800564 /* Debug */,
				091399B23035FE8D00800564 /* Release */,
			);
			defaultConfigurationIsVisible = 0;
			defaultConfigurationName = Release;
		};
		09145EC03035FC8A00D90D97 /* Build configuration list for PBXProject "Cupertino" */ = {
			isa = XCConfigurationList;
			buildConfigurations = (
				09145ECE3035FC8A00D90D97 /* Debug */,
				09145ECF3035FC8A00D90D97 /* Release */,
			);
			defaultConfigurationIsVisible = 0;
			defaultConfigurationName = Release;
		};
		09145ED03035FC8A00D90D97 /* Build configuration list for PBXNativeTarget "Cupertino" */ = {
			isa = XCConfigurationList;
			buildConfigurations = (
				09145ED13035FC8A00D90D97 /* Debug */,
				09145ED23035FC8A00D90D97 /* Release */,
			);
			defaultConfigurationIsVisible = 0;
			defaultConfigurationName = Release;
		};
		09D8E58D3045B30900C66A5A /* Build configuration list for PBXNativeTarget "CupertinoSafariExtension" */ = {
			isa = XCConfigurationList;
			buildConfigurations = (
				09D8E58A3045B30900C66A5A /* Debug */,
				09D8E58B3045B30900C66A5A /* Release */,
			);
			defaultConfigurationIsVisible = 0;
			defaultConfigurationName = Release;
		};
/* End XCConfigurationList section */
	};
	rootObject = 09145EBD3035FC8A00D90D97 /* Project object */;
}
